{
  "nodes": {
    "align": {
      "flake": false,
      "locked": {
        "lastModified": 1668387361,
        "narHash": "sha256-FqexLsG6PAslo2XeVLpFfThtNCrvwcytOEAaQcnJ/PQ=",
        "owner": "Vonr",
        "repo": "align.nvim",
        "rev": "2004d263bb1b1ec28e55cf56c35944ec4ea23f8b",
        "type": "github"
      },
      "original": {
        "owner": "Vonr",
        "repo": "align.nvim",
        "type": "github"
      }
    },
    "barbacue-nvim": {
      "flake": false,
      "locked": {
        "lastModified": 1682697275,
        "narHash": "sha256-d+KtD4QLBm7TiHX0Rl1eIouTVXCj2Ll1FCGAmpD6CkM=",
        "owner": "utilyre",
        "repo": "barbecue.nvim",
        "rev": "ec237dfcab297a973f4f7146d4527b1f6aae8d74",
        "type": "github"
      },
      "original": {
        "owner": "utilyre",
        "repo": "barbecue.nvim",
        "rev": "ec237dfcab297a973f4f7146d4527b1f6aae8d74",
        "type": "github"
      }
    },
    "bufferline-cycle-windowless": {
      "flake": false,
      "locked": {
        "lastModified": 1673176985,
        "narHash": "sha256-SVX1H5wRFGOUdi09g4xIdqTeYvDpVYnN9zCH3YzUsuY=",
        "owner": "roobert",
        "repo": "bufferline-cycle-windowless.nvim",
        "rev": "74aba67d4cbc0a8ddd031a93f214a15dfc0a790f",
        "type": "github"
      },
      "original": {
        "owner": "roobert",
        "repo": "bufferline-cycle-windowless.nvim",
        "type": "github"
      }
    },
    "cutlass": {
      "flake": false,
      "locked": {
        "lastModified": 1682956080,
        "narHash": "sha256-8Qj49csJlzhO+aViCFn62oMMkyvePxx8kl7NneWzLpE=",
        "owner": "gbprod",
        "repo": "cutlass.nvim",
        "rev": "708864fb2263226aabceaf5b2c2eee9841132668",
        "type": "github"
      },
      "original": {
        "owner": "gbprod",
        "repo": "cutlass.nvim",
        "type": "github"
      }
    },
    "hlargs": {
      "flake": false,
      "locked": {
        "lastModified": 1694799735,
        "narHash": "sha256-bH0OOf5T4Z96Td4ZBV1q8DI/bO1pV8DwqEWho6jeggg=",
        "owner": "m-demare",
        "repo": "hlargs.nvim",
        "rev": "6218a401824c5733ac50b264991b62d064e85ab2",
        "type": "github"
      },
      "original": {
        "owner": "m-demare",
        "repo": "hlargs.nvim",
        "type": "github"
      }
    },
    "incline": {
      "flake": false,
      "locked": {
        "lastModified": 1675906210,
        "narHash": "sha256-/E6lbfrZ+fUwxVYg2SBTdkL1vR0yOy8dw1g3jnE427M=",
        "owner": "b0o",
        "repo": "incline.nvim",
        "rev": "71a03756a5f750c79a2889a80fcd8bbff7083690",
        "type": "github"
      },
      "original": {
        "owner": "b0o",
        "repo": "incline.nvim",
        "rev": "71a03756a5f750c79a2889a80fcd8bbff7083690",
        "type": "github"
      }
    },
    "lsplens": {
      "flake": false,
      "locked": {
        "lastModified": 1695133640,
        "narHash": "sha256-2umD6xsM7oGnvolhN5XYdeS4g86Z+2icmqptUy8N7Uk=",
        "owner": "VidocqH",
        "repo": "lsp-lens.nvim",
        "rev": "296e0d33dddba1a1de9b69143f189cb994111c5a",
        "type": "github"
      },
      "original": {
        "owner": "VidocqH",
        "repo": "lsp-lens.nvim",
        "type": "github"
      }
    },
    "neovim-session-manager": {
      "flake": false,
      "locked": {
        "lastModified": 1693943053,
        "narHash": "sha256-9z974T4Wu0+WXnrrijS9ySZNWCF/s8588k9lBGhg0/k=",
        "owner": "Shatur",
        "repo": "neovim-session-manager",
        "rev": "df544e17798dd0e6e33ecf0991dfde9174367837",
        "type": "github"
      },
      "original": {
        "owner": "Shatur",
        "repo": "neovim-session-manager",
        "type": "github"
      }
    },
    "nixpkgs": {
      "locked": {
        "lastModified": 1695145219,
        "narHash": "sha256-Eoe9IHbvmo5wEDeJXKFOpKUwxYJIOxKUesounVccNYk=",
        "owner": "nixos",
        "repo": "nixpkgs",
        "rev": "5ba549eafcf3e33405e5f66decd1a72356632b96",
        "type": "github"
      },
      "original": {
        "owner": "nixos",
        "ref": "nixos-unstable",
        "repo": "nixpkgs",
        "type": "github"
      }
    },
    "oxocarbon": {
      "flake": false,
      "locked": {
        "lastModified": 1693432894,
        "narHash": "sha256-h2cfIn+/pWGt0mGPQA2wHCYuX6BnbjzpwnNdotr0Bhs=",
        "owner": "nyoom-engineering",
        "repo": "oxocarbon.nvim",
        "rev": "162a92e2bcca588a01c2f9fd857bdb4dabd8d72c",
        "type": "github"
      },
      "original": {
        "owner": "nyoom-engineering",
        "repo": "oxocarbon.nvim",
        "type": "github"
      }
    },
    "persistent-breakpoints": {
      "flake": false,
      "locked": {
        "lastModified": 1689251545,
        "narHash": "sha256-ldKJXFJxjkQAzkzaax98SKZfucrKryRQcRT1CmEQhrI=",
        "owner": "Weissle",
        "repo": "persistent-breakpoints.nvim",
        "rev": "db2ad5974b0435cb806cd287e7525219d6ac4bd3",
        "type": "github"
      },
      "original": {
        "owner": "Weissle",
        "repo": "persistent-breakpoints.nvim",
        "type": "github"
      }
    },
    "resession": {
      "flake": false,
      "locked": {
        "lastModified": 1695221390,
        "narHash": "sha256-YvF6Ms+K0O8QZC0pNdWx6Bum13PxDOEOpYykK90y4Sc=",
        "owner": "stevearc",
        "repo": "resession.nvim",
        "rev": "959256ca7ca006db23955120c9eb0948378ad580",
        "type": "github"
      },
      "original": {
        "owner": "stevearc",
        "repo": "resession.nvim",
        "type": "github"
      }
    },
    "reticle": {
      "flake": false,
      "locked": {
        "lastModified": 1676294980,
        "narHash": "sha256-Klq/A1ORkWND/O+zPdV3pVvDTrcIRgE6nvSvLK9d/Vs=",
        "owner": "tummetott",
        "repo": "reticle.nvim",
        "rev": "7290f2649684415a9d3da98957ea44f5421f4f2a",
        "type": "github"
      },
      "original": {
        "owner": "tummetott",
        "repo": "reticle.nvim",
        "type": "github"
      }
    },
    "root": {
      "inputs": {
        "align": "align",
        "barbacue-nvim": "barbacue-nvim",
        "bufferline-cycle-windowless": "bufferline-cycle-windowless",
        "cutlass": "cutlass",
        "hlargs": "hlargs",
        "incline": "incline",
        "lsplens": "lsplens",
        "neovim-session-manager": "neovim-session-manager",
        "nixpkgs": "nixpkgs",
        "oxocarbon": "oxocarbon",
        "persistent-breakpoints": "persistent-breakpoints",
        "resession": "resession",
        "reticle": "reticle",
        "search-replace": "search-replace",
        "splitjoin": "splitjoin",
        "tabout": "tabout",
        "textcase": "textcase",
        "typescript-nvim": "typescript-nvim",
        "virtual-types": "virtual-types",
        "windowsep": "windowsep",
        "yanky": "yanky"
      }
    },
    "search-replace": {
      "flake": false,
      "locked": {
        "lastModified": 1694253952,
        "narHash": "sha256-hEdEBDeHbJc3efgo7djktX4RemAiX8ZvQlJIEoAgkPM=",
        "owner": "roobert",
        "repo": "search-replace.nvim",
        "rev": "d92290a02d97f4e9b8cd60d28b56b403432158d5",
        "type": "github"
      },
      "original": {
        "owner": "roobert",
        "repo": "search-replace.nvim",
        "type": "github"
      }
    },
    "splitjoin": {
      "flake": false,
      "locked": {
        "lastModified": 1691055892,
        "narHash": "sha256-xpW4sUXb+i6wk86A+bFlShA5dMEedvi037UZFHOUHJ4=",
        "owner": "bennypowers",
        "repo": "splitjoin.nvim",
        "rev": "3dd4973ffcc8240b8bc8668babfdd66517144a4a",
        "type": "github"
      },
      "original": {
        "owner": "bennypowers",
        "repo": "splitjoin.nvim",
        "type": "github"
      }
    },
    "tabout": {
      "flake": false,
      "locked": {
        "lastModified": 1680072870,
        "narHash": "sha256-Ltys1BVWWBHuv1GOCFQ0wMYf36feRRePAiH85tbx9Ic=",
        "owner": "abecodes",
        "repo": "tabout.nvim",
        "rev": "0d275c8d25f32457e67b5c66d6ae43f26a61bce5",
        "type": "github"
      },
      "original": {
        "owner": "abecodes",
        "repo": "tabout.nvim",
        "type": "github"
      }
    },
    "textcase": {
      "flake": false,
      "locked": {
        "lastModified": 1693713241,
        "narHash": "sha256-UsxvyI0o4aDbp87ByMUrLUADp5cCZFkkCL5MgoZOnqA=",
        "owner": "johmsalas",
        "repo": "text-case.nvim",
        "rev": "0a8ef564493a850b7646c57d55682e2ba19e50ad",
        "type": "github"
      },
      "original": {
        "owner": "johmsalas",
        "repo": "text-case.nvim",
        "type": "github"
      }
    },
    "typescript-nvim": {
      "flake": false,
      "locked": {
        "lastModified": 1691810579,
        "narHash": "sha256-tStomym4qd7IXj/ohYAc3akImNsOJdC7nQL+CkdMomc=",
        "owner": "jose-elias-alvarez",
        "repo": "typescript.nvim",
        "rev": "4de85ef699d7e6010528dcfbddc2ed4c2c421467",
        "type": "github"
      },
      "original": {
        "owner": "jose-elias-alvarez",
        "repo": "typescript.nvim",
        "type": "github"
      }
    },
    "virtual-types": {
      "flake": false,
      "locked": {
        "lastModified": 1680873610,
        "narHash": "sha256-WznB8eiwG7dIKg4LeblUQwb6E8yxAFLnV1wMwWq5/JI=",
        "owner": "jubnzv",
        "repo": "virtual-types.nvim",
        "rev": "d652ec0b1781bbb0e83dc588fb62d638006cf61e",
        "type": "github"
      },
      "original": {
        "owner": "jubnzv",
        "repo": "virtual-types.nvim",
        "type": "github"
      }
    },
    "windowsep": {
      "flake": false,
      "locked": {
        "lastModified": 1685525739,
        "narHash": "sha256-NQg9k+I2orEiro5e5vmLQeLuFHMzPoSilL1wQehlj7E=",
        "owner": "nvim-zh",
        "repo": "colorful-winsep.nvim",
        "rev": "e1b72c498f25c1fc37a7e9913332c137f753a90a",
        "type": "github"
      },
      "original": {
        "owner": "nvim-zh",
        "repo": "colorful-winsep.nvim",
        "type": "github"
      }
    },
    "yanky": {
      "flake": false,
      "locked": {
        "lastModified": 1695366456,
        "narHash": "sha256-uxqfoEbAw3Jje7PlS7yP8UYcN6JKFzjagZ2ty6nPibY=",
        "owner": "gbprod",
        "repo": "yanky.nvim",
        "rev": "51dfc7721cfa4bb5b1baf5f365b8a39394d89eb2",
        "type": "github"
      },
      "original": {
        "owner": "gbprod",
        "repo": "yanky.nvim",
        "type": "github"
      }
    }
  },
  "root": "root",
  "version": 7
}
